# generated by rye
# use `rye lock` or `rye sync` to update this lockfile
#
# last locked with the following flags:
#   pre: false
#   features: []
#   all-features: false
#   with-sources: false
#   generate-hashes: false

-e file:.
absl-py==2.1.0
    # via code2seq
    # via tensorboard
    # via tensorflow
astor==0.8.1
    # via code2seq
    # via tensorflow
certifi==2024.7.4
    # via requests
charset-normalizer==3.3.2
    # via requests
colorama==0.4.6
    # via tqdm
gast==0.2.2
    # via code2seq
    # via tensorflow
google-pasta==0.2.0
    # via code2seq
    # via tensorflow
grpcio==1.62.2
    # via code2seq
    # via tensorboard
    # via tensorflow
h5py==2.10.0
    # via code2seq
    # via keras-applications
    # via tensorflow
idna==3.7
    # via requests
importlib-metadata==6.7.0
    # via markdown
    # via typeguard
keras==2.11.0
    # via code2seq
keras-applications==1.0.8
    # via code2seq
    # via tensorflow
keras-preprocessing==1.1.2
    # via code2seq
    # via tensorflow
markdown==3.4.4
    # via code2seq
    # via tensorboard
markupsafe==2.1.5
    # via code2seq
    # via werkzeug
networkx==2.6.3
    # via code2seq
numpy==1.18.5
    # via code2seq
    # via h5py
    # via keras-applications
    # via keras-preprocessing
    # via opt-einsum
    # via tensorboard
    # via tensorflow
opt-einsum==3.3.0
    # via tensorflow
packaging==24.0
    # via code2seq
    # via tensorflow-addons
protobuf==3.20.0
    # via code2seq
    # via tensorboard
    # via tensorflow
requests==2.31.0
    # via code2seq
rouge==1.0.1
    # via code2seq
ruff==0.5.7
    # via code2seq
setuptools==68.0.0
    # via code2seq
    # via tensorboard
six==1.16.0
    # via google-pasta
    # via h5py
    # via keras-preprocessing
    # via rouge
    # via tensorboard
    # via tensorflow
tensorboard==1.15.0
    # via code2seq
    # via tensorflow
tensorflow==1.15.5
    # via code2seq
tensorflow-addons==0.19.0
    # via code2seq
tensorflow-estimator==1.15.1
    # via code2seq
    # via tensorflow
termcolor==2.3.0
    # via code2seq
    # via tensorflow
tqdm==4.66.4
    # via code2seq
typeguard==4.1.2
    # via code2seq
    # via tensorflow-addons
typing-extensions==4.7.1
    # via code2seq
    # via importlib-metadata
    # via typeguard
urllib3==2.0.7
    # via requests
werkzeug==2.2.3
    # via code2seq
    # via tensorboard
wheel==0.42.0
    # via tensorboard
    # via tensorflow
wrapt==1.16.0
    # via code2seq
    # via tensorflow
zipp==3.15.0
    # via code2seq
    # via importlib-metadata
