# generated by rye
# use `rye lock` or `rye sync` to update this lockfile
#
# last locked with the following flags:
#   pre: false
#   features: []
#   all-features: false
#   with-sources: false
#   generate-hashes: false
#   universal: false

-e file:.
absl-py==2.1.0
    # via tensorboard
    # via tensorflow
astor==0.8.1
    # via tensorflow
cachetools==4.2.4
    # via google-auth
certifi==2024.8.30
    # via requests
charset-normalizer==3.4.0
    # via requests
clang==17.0.6
    # via code2seq-tf-2-x
flatbuffers==24.3.25
    # via code2seq-tf-2-x
gast==0.2.2
    # via tensorflow
google-auth==1.35.0
    # via google-auth-oauthlib
    # via tensorboard
google-auth-oauthlib==0.4.6
    # via tensorboard
google-pasta==0.2.0
    # via tensorflow
grpcio==1.62.3
    # via tensorboard
    # via tensorflow
h5py==3.8.0
    # via keras-applications
idna==3.10
    # via requests
importlib-metadata==6.7.0
    # via markdown
    # via typeguard
joblib==1.3.2
    # via code2seq-tf-2-x
    # via scikit-learn
keras-applications==1.0.8
    # via tensorflow
keras-preprocessing==1.1.2
    # via tensorflow
libclang==18.1.1
    # via code2seq-tf-2-x
lmdb==1.5.1
    # via code2seq-tf-2-x
markdown==3.4.4
    # via tensorboard
markupsafe==2.1.5
    # via werkzeug
networkx==2.6.3
    # via code2seq-tf-2-x
numpy==1.19.2
    # via code2seq-tf-2-x
    # via h5py
    # via keras-applications
    # via keras-preprocessing
    # via opt-einsum
    # via scikit-learn
    # via scipy
    # via tensorboard
    # via tensorflow
oauthlib==3.2.2
    # via requests-oauthlib
opt-einsum==3.3.0
    # via tensorflow
protobuf==3.20.0
    # via code2seq-tf-2-x
    # via tensorboard
    # via tensorflow
pyasn1==0.5.1
    # via pyasn1-modules
    # via rsa
pyasn1-modules==0.3.0
    # via google-auth
requests==2.31.0
    # via code2seq-tf-2-x
    # via requests-oauthlib
    # via tensorboard
requests-oauthlib==2.0.0
    # via google-auth-oauthlib
rouge==0.3.2
    # via code2seq-tf-2-x
rsa==4.9
    # via google-auth
scikit-learn==1.0.2
    # via code2seq-tf-2-x
scipy==1.4.1
    # via scikit-learn
    # via tensorflow
setuptools==68.0.0
    # via code2seq-tf-2-x
    # via google-auth
    # via tensorboard
six==1.16.0
    # via code2seq-tf-2-x
    # via google-auth
    # via google-pasta
    # via keras-preprocessing
    # via tensorboard
    # via tensorflow
tensorboard==2.1.1
    # via code2seq-tf-2-x
    # via tensorflow
tensorflow==2.1.0
    # via code2seq-tf-2-x
tensorflow-addons==0.8.3
    # via code2seq-tf-2-x
tensorflow-estimator==2.1.0
    # via code2seq-tf-2-x
    # via tensorflow
termcolor==2.3.0
    # via tensorflow
threadpoolctl==3.1.0
    # via scikit-learn
tqdm==4.67.1
    # via code2seq-tf-2-x
typeguard==4.1.2
    # via tensorflow-addons
typing-extensions==4.7.1
    # via importlib-metadata
    # via typeguard
urllib3==2.0.7
    # via requests
werkzeug==2.2.3
    # via tensorboard
wheel==0.42.0
    # via tensorboard
    # via tensorflow
wrapt==1.16.0
    # via tensorflow
zipp==3.15.0
    # via importlib-metadata
